
Microsoft Visual Studio Solution File, Format Version 12.00
# Visual Studio 15
VisualStudioVersion = 15.0.27130.2020
MinimumVisualStudioVersion = 10.0.40219.1
Project("{FAE04EC0-301F-11D3-BF4B-00C04F79EFBC}") = "BinaryDiff", "BinaryDiff\BinaryDiff.csproj", "{42DCC0FE-9232-4341-9467-BB3FF7B0EC1E}"
EndProject
Project("{FAE04EC0-301F-11D3-BF4B-00C04F79EFBC}") = "BinaryDiff.Tests", "BinaryDiff.Tests\BinaryDiff.Tests.csproj", "{C7549684-5006-4608-80FE-2FCF17981C28}"
EndProject
Global
	GlobalSection(SolutionConfigurationPlatforms) = preSolution
		Debug|Any CPU = Debug|Any CPU
		Release|Any CPU = Release|Any CPU
	EndGlobalSection
	GlobalSection(ProjectConfigurationPlatforms) = postSolution
		{42DCC0FE-9232-4341-9467-BB3FF7B0EC1E}.Debug|Any CPU.ActiveCfg = Debug|Any CPU
		{42DCC0FE-9232-4341-9467-BB3FF7B0EC1E}.Debug|Any CPU.Build.0 = Debug|Any CPU
		{42DCC0FE-9232-4341-9467-BB3FF7B0EC1E}.Release|Any CPU.ActiveCfg = Release|Any CPU
		{42DCC0FE-9232-4341-9467-BB3FF7B0EC1E}.Release|Any CPU.Build.0 = Release|Any CPU
		{C7549684-5006-4608-80FE-2FCF17981C28}.Debug|Any CPU.ActiveCfg = Debug|Any CPU
		{C7549684-5006-4608-80FE-2FCF17981C28}.Debug|Any CPU.Build.0 = Debug|Any CPU
		{C7549684-5006-4608-80FE-2FCF17981C28}.Release|Any CPU.ActiveCfg = Release|Any CPU
		{C7549684-5006-4608-80FE-2FCF17981C28}.Release|Any CPU.Build.0 = Release|Any CPU
	EndGlobalSection
	GlobalSection(SolutionProperties) = preSolution
		HideSolutionNode = FALSE
	EndGlobalSection
	GlobalSection(ExtensibilityGlobals) = postSolution
		SolutionGuid = {163DC09D-3592-4181-8940-4EE510319A47}
	EndGlobalSection
EndGlobal
